
Microsoft Visual Studio Solution File, Format Version 11.00
# Visual Studio 2010
Project("{2150E333-8FDC-42A3-9474-1A3956D46DE8}") = "Chapter 01", "Chapter 01", "{DB920BE1-0E37-4CA2-87B0-B27E138DD6F7}"
EndProject
Project("{FAE04EC0-301F-11D3-BF4B-00C04F79EFBC}") = "HelloWorldReqClient", "HelloWorldRepClient\HelloWorldReqClient.csproj", "{E046569F-9DB7-4FC6-865C-D929DC2DC0E4}"
EndProject
Project("{FAE04EC0-301F-11D3-BF4B-00C04F79EFBC}") = "HelloWorldRepServer", "HelloWorldRepServer\HelloWorldRepServer.csproj", "{4D2FC541-95BB-4A40-A308-AF80ADED52F1}"
EndProject
Project("{FAE04EC0-301F-11D3-BF4B-00C04F79EFBC}") = "ZeroQueueVersionCheck", "ZeroQueueVersionCheck\ZeroQueueVersionCheck.csproj", "{253892CE-3AF1-4DF6-BDF5-49FC9DF49C9E}"
EndProject
Project("{FAE04EC0-301F-11D3-BF4B-00C04F79EFBC}") = "WeatherUpdateServer", "WeatherUpdateServer\WeatherUpdateServer.csproj", "{4483141A-9AD1-4B24-8681-36DCCA9CC92B}"
EndProject
Project("{FAE04EC0-301F-11D3-BF4B-00C04F79EFBC}") = "WeatherUpdateClient", "WeatherUpdateClient\WeatherUpdateClient.csproj", "{F72477AE-B114-4155-942B-1BF157D2B694}"
EndProject
Project("{FAE04EC0-301F-11D3-BF4B-00C04F79EFBC}") = "ParallelTaskVentilator", "ParallelTaskVentilator\ParallelTaskVentilator.csproj", "{56B30D91-78AA-4AA0-A53E-BFC7860958CA}"
EndProject
Project("{FAE04EC0-301F-11D3-BF4B-00C04F79EFBC}") = "ParallelTaskWorker", "ParallelTaskWorker\ParallelTaskWorker.csproj", "{1BB4D46E-EEFE-4EFB-A0C7-BA02BA912A44}"
EndProject
Project("{FAE04EC0-301F-11D3-BF4B-00C04F79EFBC}") = "ParallelTaskSink", "ParallelTaskSink\ParallelTaskSink.csproj", "{52A1CE1D-5EA7-4B92-AA8A-99AFBE9D02C4}"
EndProject
Project("{2150E333-8FDC-42A3-9474-1A3956D46DE8}") = "Chapter 02", "Chapter 02", "{D96B8613-ECC0-42A7-908D-1D17CC32A781}"
EndProject
Project("{FAE04EC0-301F-11D3-BF4B-00C04F79EFBC}") = "RequestReplyClient", "RequestReplyClient\RequestReplyClient.csproj", "{8B45227D-F27C-425E-BA5B-F25ECC6872EE}"
EndProject
Project("{FAE04EC0-301F-11D3-BF4B-00C04F79EFBC}") = "RequestReplyWorker", "RequestReplyWorker\RequestReplyWorker.csproj", "{B8C64461-3905-4434-89AC-94BDB6DA13CD}"
EndProject
Project("{FAE04EC0-301F-11D3-BF4B-00C04F79EFBC}") = "RequestReplyBroker", "RequestReplyBroker\RequestReplyBroker.csproj", "{F384B48E-98CE-43DE-97F3-D2214F58263C}"
EndProject
Project("{2150E333-8FDC-42A3-9474-1A3956D46DE8}") = "Custom", "Custom", "{B852905B-3397-47E9-9C2E-6D1606AD1174}"
EndProject
Project("{FAE04EC0-301F-11D3-BF4B-00C04F79EFBC}") = "RequestReplyBrokerWorker", "RequestReplyBrokerWorker\RequestReplyBrokerWorker.csproj", "{BB800F39-1CC2-4811-AE16-E7094169CD44}"
EndProject
Project("{FAE04EC0-301F-11D3-BF4B-00C04F79EFBC}") = "MultithreadedService", "MultithreadedService\MultithreadedService.csproj", "{CFA3B00A-66DE-4516-A6F8-74E07B712578}"
EndProject
Project("{FAE04EC0-301F-11D3-BF4B-00C04F79EFBC}") = "ProxyResourcesLibrary", "ProxyResourcesLibrary\ProxyResourcesLibrary.csproj", "{A768BE94-25A0-4C7B-9565-18FD22FCD8F8}"
EndProject
Project("{FAE04EC0-301F-11D3-BF4B-00C04F79EFBC}") = "ProxyResourceRequestClient", "ProxyResourceRequestClient\ProxyResourceRequestClient.csproj", "{AAB43384-C785-411E-B28F-0D0BFD38AD23}"
EndProject
Project("{FAE04EC0-301F-11D3-BF4B-00C04F79EFBC}") = "ProxyResourceReplyServer", "ProxyResourceReplyServer\ProxyResourceReplyServer.csproj", "{EABDFD00-16CD-4FC0-BCBA-0AE7E81FB8BA}"
EndProject
Project("{2150E333-8FDC-42A3-9474-1A3956D46DE8}") = "MDP", "MDP", "{D527C86D-836A-49FD-8130-07CA7042122B}"
EndProject
Project("{FAE04EC0-301F-11D3-BF4B-00C04F79EFBC}") = "MDPClientLibrary", "MDPClientLibrary\MDPClientLibrary.csproj", "{C5A9AA28-7DAB-443B-9922-43780E71EC5A}"
EndProject
Project("{FAE04EC0-301F-11D3-BF4B-00C04F79EFBC}") = "MDPClientLibraryTests", "MDPClientLibraryTests\MDPClientLibraryTests.csproj", "{F6E5D20A-0218-4467-A330-6C1DE8CAFB65}"
EndProject
Project("{2150E333-8FDC-42A3-9474-1A3956D46DE8}") = "Solution Items", "Solution Items", "{91584E94-F281-4E83-816A-27A81BBF5FD1}"
	ProjectSection(SolutionItems) = preProject
		Local.testsettings = Local.testsettings
		TraceAndTestImpact.testsettings = TraceAndTestImpact.testsettings
		ZeroQueueWork.vsmdi = ZeroQueueWork.vsmdi
	EndProjectSection
EndProject
Global
	GlobalSection(TestCaseManagementSettings) = postSolution
		CategoryFile = ZeroQueueWork.vsmdi
	EndGlobalSection
	GlobalSection(SolutionConfigurationPlatforms) = preSolution
		Debug|Any CPU = Debug|Any CPU
		Debug|Mixed Platforms = Debug|Mixed Platforms
		Debug|x86 = Debug|x86
		Release|Any CPU = Release|Any CPU
		Release|Mixed Platforms = Release|Mixed Platforms
		Release|x86 = Release|x86
	EndGlobalSection
	GlobalSection(ProjectConfigurationPlatforms) = postSolution
		{E046569F-9DB7-4FC6-865C-D929DC2DC0E4}.Debug|Any CPU.ActiveCfg = Debug|x86
		{E046569F-9DB7-4FC6-865C-D929DC2DC0E4}.Debug|Mixed Platforms.ActiveCfg = Debug|x86
		{E046569F-9DB7-4FC6-865C-D929DC2DC0E4}.Debug|Mixed Platforms.Build.0 = Debug|x86
		{E046569F-9DB7-4FC6-865C-D929DC2DC0E4}.Debug|x86.ActiveCfg = Debug|x86
		{E046569F-9DB7-4FC6-865C-D929DC2DC0E4}.Debug|x86.Build.0 = Debug|x86
		{E046569F-9DB7-4FC6-865C-D929DC2DC0E4}.Release|Any CPU.ActiveCfg = Release|x86
		{E046569F-9DB7-4FC6-865C-D929DC2DC0E4}.Release|Mixed Platforms.ActiveCfg = Release|x86
		{E046569F-9DB7-4FC6-865C-D929DC2DC0E4}.Release|Mixed Platforms.Build.0 = Release|x86
		{E046569F-9DB7-4FC6-865C-D929DC2DC0E4}.Release|x86.ActiveCfg = Release|x86
		{E046569F-9DB7-4FC6-865C-D929DC2DC0E4}.Release|x86.Build.0 = Release|x86
		{4D2FC541-95BB-4A40-A308-AF80ADED52F1}.Debug|Any CPU.ActiveCfg = Debug|x86
		{4D2FC541-95BB-4A40-A308-AF80ADED52F1}.Debug|Mixed Platforms.ActiveCfg = Debug|x86
		{4D2FC541-95BB-4A40-A308-AF80ADED52F1}.Debug|Mixed Platforms.Build.0 = Debug|x86
		{4D2FC541-95BB-4A40-A308-AF80ADED52F1}.Debug|x86.ActiveCfg = Debug|x86
		{4D2FC541-95BB-4A40-A308-AF80ADED52F1}.Debug|x86.Build.0 = Debug|x86
		{4D2FC541-95BB-4A40-A308-AF80ADED52F1}.Release|Any CPU.ActiveCfg = Release|x86
		{4D2FC541-95BB-4A40-A308-AF80ADED52F1}.Release|Mixed Platforms.ActiveCfg = Release|x86
		{4D2FC541-95BB-4A40-A308-AF80ADED52F1}.Release|Mixed Platforms.Build.0 = Release|x86
		{4D2FC541-95BB-4A40-A308-AF80ADED52F1}.Release|x86.ActiveCfg = Release|x86
		{4D2FC541-95BB-4A40-A308-AF80ADED52F1}.Release|x86.Build.0 = Release|x86
		{253892CE-3AF1-4DF6-BDF5-49FC9DF49C9E}.Debug|Any CPU.ActiveCfg = Debug|x86
		{253892CE-3AF1-4DF6-BDF5-49FC9DF49C9E}.Debug|Mixed Platforms.ActiveCfg = Debug|x86
		{253892CE-3AF1-4DF6-BDF5-49FC9DF49C9E}.Debug|Mixed Platforms.Build.0 = Debug|x86
		{253892CE-3AF1-4DF6-BDF5-49FC9DF49C9E}.Debug|x86.ActiveCfg = Debug|x86
		{253892CE-3AF1-4DF6-BDF5-49FC9DF49C9E}.Debug|x86.Build.0 = Debug|x86
		{253892CE-3AF1-4DF6-BDF5-49FC9DF49C9E}.Release|Any CPU.ActiveCfg = Release|x86
		{253892CE-3AF1-4DF6-BDF5-49FC9DF49C9E}.Release|Mixed Platforms.ActiveCfg = Release|x86
		{253892CE-3AF1-4DF6-BDF5-49FC9DF49C9E}.Release|Mixed Platforms.Build.0 = Release|x86
		{253892CE-3AF1-4DF6-BDF5-49FC9DF49C9E}.Release|x86.ActiveCfg = Release|x86
		{253892CE-3AF1-4DF6-BDF5-49FC9DF49C9E}.Release|x86.Build.0 = Release|x86
		{4483141A-9AD1-4B24-8681-36DCCA9CC92B}.Debug|Any CPU.ActiveCfg = Debug|x86
		{4483141A-9AD1-4B24-8681-36DCCA9CC92B}.Debug|Mixed Platforms.ActiveCfg = Debug|x86
		{4483141A-9AD1-4B24-8681-36DCCA9CC92B}.Debug|Mixed Platforms.Build.0 = Debug|x86
		{4483141A-9AD1-4B24-8681-36DCCA9CC92B}.Debug|x86.ActiveCfg = Debug|x86
		{4483141A-9AD1-4B24-8681-36DCCA9CC92B}.Debug|x86.Build.0 = Debug|x86
		{4483141A-9AD1-4B24-8681-36DCCA9CC92B}.Release|Any CPU.ActiveCfg = Release|x86
		{4483141A-9AD1-4B24-8681-36DCCA9CC92B}.Release|Mixed Platforms.ActiveCfg = Release|x86
		{4483141A-9AD1-4B24-8681-36DCCA9CC92B}.Release|Mixed Platforms.Build.0 = Release|x86
		{4483141A-9AD1-4B24-8681-36DCCA9CC92B}.Release|x86.ActiveCfg = Release|x86
		{4483141A-9AD1-4B24-8681-36DCCA9CC92B}.Release|x86.Build.0 = Release|x86
		{F72477AE-B114-4155-942B-1BF157D2B694}.Debug|Any CPU.ActiveCfg = Debug|x86
		{F72477AE-B114-4155-942B-1BF157D2B694}.Debug|Mixed Platforms.ActiveCfg = Debug|x86
		{F72477AE-B114-4155-942B-1BF157D2B694}.Debug|Mixed Platforms.Build.0 = Debug|x86
		{F72477AE-B114-4155-942B-1BF157D2B694}.Debug|x86.ActiveCfg = Debug|x86
		{F72477AE-B114-4155-942B-1BF157D2B694}.Debug|x86.Build.0 = Debug|x86
		{F72477AE-B114-4155-942B-1BF157D2B694}.Release|Any CPU.ActiveCfg = Release|x86
		{F72477AE-B114-4155-942B-1BF157D2B694}.Release|Mixed Platforms.ActiveCfg = Release|x86
		{F72477AE-B114-4155-942B-1BF157D2B694}.Release|Mixed Platforms.Build.0 = Release|x86
		{F72477AE-B114-4155-942B-1BF157D2B694}.Release|x86.ActiveCfg = Release|x86
		{F72477AE-B114-4155-942B-1BF157D2B694}.Release|x86.Build.0 = Release|x86
		{56B30D91-78AA-4AA0-A53E-BFC7860958CA}.Debug|Any CPU.ActiveCfg = Debug|x86
		{56B30D91-78AA-4AA0-A53E-BFC7860958CA}.Debug|Mixed Platforms.ActiveCfg = Debug|x86
		{56B30D91-78AA-4AA0-A53E-BFC7860958CA}.Debug|Mixed Platforms.Build.0 = Debug|x86
		{56B30D91-78AA-4AA0-A53E-BFC7860958CA}.Debug|x86.ActiveCfg = Debug|x86
		{56B30D91-78AA-4AA0-A53E-BFC7860958CA}.Debug|x86.Build.0 = Debug|x86
		{56B30D91-78AA-4AA0-A53E-BFC7860958CA}.Release|Any CPU.ActiveCfg = Release|x86
		{56B30D91-78AA-4AA0-A53E-BFC7860958CA}.Release|Mixed Platforms.ActiveCfg = Release|x86
		{56B30D91-78AA-4AA0-A53E-BFC7860958CA}.Release|Mixed Platforms.Build.0 = Release|x86
		{56B30D91-78AA-4AA0-A53E-BFC7860958CA}.Release|x86.ActiveCfg = Release|x86
		{56B30D91-78AA-4AA0-A53E-BFC7860958CA}.Release|x86.Build.0 = Release|x86
		{1BB4D46E-EEFE-4EFB-A0C7-BA02BA912A44}.Debug|Any CPU.ActiveCfg = Debug|x86
		{1BB4D46E-EEFE-4EFB-A0C7-BA02BA912A44}.Debug|Mixed Platforms.ActiveCfg = Debug|x86
		{1BB4D46E-EEFE-4EFB-A0C7-BA02BA912A44}.Debug|Mixed Platforms.Build.0 = Debug|x86
		{1BB4D46E-EEFE-4EFB-A0C7-BA02BA912A44}.Debug|x86.ActiveCfg = Debug|x86
		{1BB4D46E-EEFE-4EFB-A0C7-BA02BA912A44}.Debug|x86.Build.0 = Debug|x86
		{1BB4D46E-EEFE-4EFB-A0C7-BA02BA912A44}.Release|Any CPU.ActiveCfg = Release|x86
		{1BB4D46E-EEFE-4EFB-A0C7-BA02BA912A44}.Release|Mixed Platforms.ActiveCfg = Release|x86
		{1BB4D46E-EEFE-4EFB-A0C7-BA02BA912A44}.Release|Mixed Platforms.Build.0 = Release|x86
		{1BB4D46E-EEFE-4EFB-A0C7-BA02BA912A44}.Release|x86.ActiveCfg = Release|x86
		{1BB4D46E-EEFE-4EFB-A0C7-BA02BA912A44}.Release|x86.Build.0 = Release|x86
		{52A1CE1D-5EA7-4B92-AA8A-99AFBE9D02C4}.Debug|Any CPU.ActiveCfg = Debug|x86
		{52A1CE1D-5EA7-4B92-AA8A-99AFBE9D02C4}.Debug|Mixed Platforms.ActiveCfg = Debug|x86
		{52A1CE1D-5EA7-4B92-AA8A-99AFBE9D02C4}.Debug|Mixed Platforms.Build.0 = Debug|x86
		{52A1CE1D-5EA7-4B92-AA8A-99AFBE9D02C4}.Debug|x86.ActiveCfg = Debug|x86
		{52A1CE1D-5EA7-4B92-AA8A-99AFBE9D02C4}.Debug|x86.Build.0 = Debug|x86
		{52A1CE1D-5EA7-4B92-AA8A-99AFBE9D02C4}.Release|Any CPU.ActiveCfg = Release|x86
		{52A1CE1D-5EA7-4B92-AA8A-99AFBE9D02C4}.Release|Mixed Platforms.ActiveCfg = Release|x86
		{52A1CE1D-5EA7-4B92-AA8A-99AFBE9D02C4}.Release|Mixed Platforms.Build.0 = Release|x86
		{52A1CE1D-5EA7-4B92-AA8A-99AFBE9D02C4}.Release|x86.ActiveCfg = Release|x86
		{52A1CE1D-5EA7-4B92-AA8A-99AFBE9D02C4}.Release|x86.Build.0 = Release|x86
		{8B45227D-F27C-425E-BA5B-F25ECC6872EE}.Debug|Any CPU.ActiveCfg = Debug|x86
		{8B45227D-F27C-425E-BA5B-F25ECC6872EE}.Debug|Mixed Platforms.ActiveCfg = Debug|x86
		{8B45227D-F27C-425E-BA5B-F25ECC6872EE}.Debug|Mixed Platforms.Build.0 = Debug|x86
		{8B45227D-F27C-425E-BA5B-F25ECC6872EE}.Debug|x86.ActiveCfg = Debug|x86
		{8B45227D-F27C-425E-BA5B-F25ECC6872EE}.Debug|x86.Build.0 = Debug|x86
		{8B45227D-F27C-425E-BA5B-F25ECC6872EE}.Release|Any CPU.ActiveCfg = Release|x86
		{8B45227D-F27C-425E-BA5B-F25ECC6872EE}.Release|Mixed Platforms.ActiveCfg = Release|x86
		{8B45227D-F27C-425E-BA5B-F25ECC6872EE}.Release|Mixed Platforms.Build.0 = Release|x86
		{8B45227D-F27C-425E-BA5B-F25ECC6872EE}.Release|x86.ActiveCfg = Release|x86
		{8B45227D-F27C-425E-BA5B-F25ECC6872EE}.Release|x86.Build.0 = Release|x86
		{B8C64461-3905-4434-89AC-94BDB6DA13CD}.Debug|Any CPU.ActiveCfg = Debug|x86
		{B8C64461-3905-4434-89AC-94BDB6DA13CD}.Debug|Mixed Platforms.ActiveCfg = Debug|x86
		{B8C64461-3905-4434-89AC-94BDB6DA13CD}.Debug|Mixed Platforms.Build.0 = Debug|x86
		{B8C64461-3905-4434-89AC-94BDB6DA13CD}.Debug|x86.ActiveCfg = Debug|x86
		{B8C64461-3905-4434-89AC-94BDB6DA13CD}.Debug|x86.Build.0 = Debug|x86
		{B8C64461-3905-4434-89AC-94BDB6DA13CD}.Release|Any CPU.ActiveCfg = Release|x86
		{B8C64461-3905-4434-89AC-94BDB6DA13CD}.Release|Mixed Platforms.ActiveCfg = Release|x86
		{B8C64461-3905-4434-89AC-94BDB6DA13CD}.Release|Mixed Platforms.Build.0 = Release|x86
		{B8C64461-3905-4434-89AC-94BDB6DA13CD}.Release|x86.ActiveCfg = Release|x86
		{B8C64461-3905-4434-89AC-94BDB6DA13CD}.Release|x86.Build.0 = Release|x86
		{F384B48E-98CE-43DE-97F3-D2214F58263C}.Debug|Any CPU.ActiveCfg = Debug|x86
		{F384B48E-98CE-43DE-97F3-D2214F58263C}.Debug|Mixed Platforms.ActiveCfg = Debug|x86
		{F384B48E-98CE-43DE-97F3-D2214F58263C}.Debug|Mixed Platforms.Build.0 = Debug|x86
		{F384B48E-98CE-43DE-97F3-D2214F58263C}.Debug|x86.ActiveCfg = Debug|x86
		{F384B48E-98CE-43DE-97F3-D2214F58263C}.Debug|x86.Build.0 = Debug|x86
		{F384B48E-98CE-43DE-97F3-D2214F58263C}.Release|Any CPU.ActiveCfg = Release|x86
		{F384B48E-98CE-43DE-97F3-D2214F58263C}.Release|Mixed Platforms.ActiveCfg = Release|x86
		{F384B48E-98CE-43DE-97F3-D2214F58263C}.Release|Mixed Platforms.Build.0 = Release|x86
		{F384B48E-98CE-43DE-97F3-D2214F58263C}.Release|x86.ActiveCfg = Release|x86
		{F384B48E-98CE-43DE-97F3-D2214F58263C}.Release|x86.Build.0 = Release|x86
		{BB800F39-1CC2-4811-AE16-E7094169CD44}.Debug|Any CPU.ActiveCfg = Debug|x86
		{BB800F39-1CC2-4811-AE16-E7094169CD44}.Debug|Mixed Platforms.ActiveCfg = Debug|x86
		{BB800F39-1CC2-4811-AE16-E7094169CD44}.Debug|Mixed Platforms.Build.0 = Debug|x86
		{BB800F39-1CC2-4811-AE16-E7094169CD44}.Debug|x86.ActiveCfg = Debug|x86
		{BB800F39-1CC2-4811-AE16-E7094169CD44}.Debug|x86.Build.0 = Debug|x86
		{BB800F39-1CC2-4811-AE16-E7094169CD44}.Release|Any CPU.ActiveCfg = Release|x86
		{BB800F39-1CC2-4811-AE16-E7094169CD44}.Release|Mixed Platforms.ActiveCfg = Release|x86
		{BB800F39-1CC2-4811-AE16-E7094169CD44}.Release|Mixed Platforms.Build.0 = Release|x86
		{BB800F39-1CC2-4811-AE16-E7094169CD44}.Release|x86.ActiveCfg = Release|x86
		{BB800F39-1CC2-4811-AE16-E7094169CD44}.Release|x86.Build.0 = Release|x86
		{CFA3B00A-66DE-4516-A6F8-74E07B712578}.Debug|Any CPU.ActiveCfg = Debug|x86
		{CFA3B00A-66DE-4516-A6F8-74E07B712578}.Debug|Mixed Platforms.ActiveCfg = Debug|x86
		{CFA3B00A-66DE-4516-A6F8-74E07B712578}.Debug|Mixed Platforms.Build.0 = Debug|x86
		{CFA3B00A-66DE-4516-A6F8-74E07B712578}.Debug|x86.ActiveCfg = Debug|x86
		{CFA3B00A-66DE-4516-A6F8-74E07B712578}.Debug|x86.Build.0 = Debug|x86
		{CFA3B00A-66DE-4516-A6F8-74E07B712578}.Release|Any CPU.ActiveCfg = Release|x86
		{CFA3B00A-66DE-4516-A6F8-74E07B712578}.Release|Mixed Platforms.ActiveCfg = Release|x86
		{CFA3B00A-66DE-4516-A6F8-74E07B712578}.Release|Mixed Platforms.Build.0 = Release|x86
		{CFA3B00A-66DE-4516-A6F8-74E07B712578}.Release|x86.ActiveCfg = Release|x86
		{CFA3B00A-66DE-4516-A6F8-74E07B712578}.Release|x86.Build.0 = Release|x86
		{A768BE94-25A0-4C7B-9565-18FD22FCD8F8}.Debug|Any CPU.ActiveCfg = Debug|Any CPU
		{A768BE94-25A0-4C7B-9565-18FD22FCD8F8}.Debug|Any CPU.Build.0 = Debug|Any CPU
		{A768BE94-25A0-4C7B-9565-18FD22FCD8F8}.Debug|Mixed Platforms.ActiveCfg = Debug|Any CPU
		{A768BE94-25A0-4C7B-9565-18FD22FCD8F8}.Debug|Mixed Platforms.Build.0 = Debug|Any CPU
		{A768BE94-25A0-4C7B-9565-18FD22FCD8F8}.Debug|x86.ActiveCfg = Debug|Any CPU
		{A768BE94-25A0-4C7B-9565-18FD22FCD8F8}.Release|Any CPU.ActiveCfg = Release|Any CPU
		{A768BE94-25A0-4C7B-9565-18FD22FCD8F8}.Release|Any CPU.Build.0 = Release|Any CPU
		{A768BE94-25A0-4C7B-9565-18FD22FCD8F8}.Release|Mixed Platforms.ActiveCfg = Release|Any CPU
		{A768BE94-25A0-4C7B-9565-18FD22FCD8F8}.Release|Mixed Platforms.Build.0 = Release|Any CPU
		{A768BE94-25A0-4C7B-9565-18FD22FCD8F8}.Release|x86.ActiveCfg = Release|Any CPU
		{AAB43384-C785-411E-B28F-0D0BFD38AD23}.Debug|Any CPU.ActiveCfg = Debug|x86
		{AAB43384-C785-411E-B28F-0D0BFD38AD23}.Debug|Mixed Platforms.ActiveCfg = Debug|x86
		{AAB43384-C785-411E-B28F-0D0BFD38AD23}.Debug|Mixed Platforms.Build.0 = Debug|x86
		{AAB43384-C785-411E-B28F-0D0BFD38AD23}.Debug|x86.ActiveCfg = Debug|x86
		{AAB43384-C785-411E-B28F-0D0BFD38AD23}.Debug|x86.Build.0 = Debug|x86
		{AAB43384-C785-411E-B28F-0D0BFD38AD23}.Release|Any CPU.ActiveCfg = Release|x86
		{AAB43384-C785-411E-B28F-0D0BFD38AD23}.Release|Mixed Platforms.ActiveCfg = Release|x86
		{AAB43384-C785-411E-B28F-0D0BFD38AD23}.Release|Mixed Platforms.Build.0 = Release|x86
		{AAB43384-C785-411E-B28F-0D0BFD38AD23}.Release|x86.ActiveCfg = Release|x86
		{AAB43384-C785-411E-B28F-0D0BFD38AD23}.Release|x86.Build.0 = Release|x86
		{EABDFD00-16CD-4FC0-BCBA-0AE7E81FB8BA}.Debug|Any CPU.ActiveCfg = Debug|x86
		{EABDFD00-16CD-4FC0-BCBA-0AE7E81FB8BA}.Debug|Mixed Platforms.ActiveCfg = Debug|x86
		{EABDFD00-16CD-4FC0-BCBA-0AE7E81FB8BA}.Debug|Mixed Platforms.Build.0 = Debug|x86
		{EABDFD00-16CD-4FC0-BCBA-0AE7E81FB8BA}.Debug|x86.ActiveCfg = Debug|x86
		{EABDFD00-16CD-4FC0-BCBA-0AE7E81FB8BA}.Debug|x86.Build.0 = Debug|x86
		{EABDFD00-16CD-4FC0-BCBA-0AE7E81FB8BA}.Release|Any CPU.ActiveCfg = Release|x86
		{EABDFD00-16CD-4FC0-BCBA-0AE7E81FB8BA}.Release|Mixed Platforms.ActiveCfg = Release|x86
		{EABDFD00-16CD-4FC0-BCBA-0AE7E81FB8BA}.Release|Mixed Platforms.Build.0 = Release|x86
		{EABDFD00-16CD-4FC0-BCBA-0AE7E81FB8BA}.Release|x86.ActiveCfg = Release|x86
		{EABDFD00-16CD-4FC0-BCBA-0AE7E81FB8BA}.Release|x86.Build.0 = Release|x86
		{C5A9AA28-7DAB-443B-9922-43780E71EC5A}.Debug|Any CPU.ActiveCfg = Debug|Any CPU
		{C5A9AA28-7DAB-443B-9922-43780E71EC5A}.Debug|Any CPU.Build.0 = Debug|Any CPU
		{C5A9AA28-7DAB-443B-9922-43780E71EC5A}.Debug|Mixed Platforms.ActiveCfg = Debug|Any CPU
		{C5A9AA28-7DAB-443B-9922-43780E71EC5A}.Debug|Mixed Platforms.Build.0 = Debug|Any CPU
		{C5A9AA28-7DAB-443B-9922-43780E71EC5A}.Debug|x86.ActiveCfg = Debug|Any CPU
		{C5A9AA28-7DAB-443B-9922-43780E71EC5A}.Release|Any CPU.ActiveCfg = Release|Any CPU
		{C5A9AA28-7DAB-443B-9922-43780E71EC5A}.Release|Any CPU.Build.0 = Release|Any CPU
		{C5A9AA28-7DAB-443B-9922-43780E71EC5A}.Release|Mixed Platforms.ActiveCfg = Release|Any CPU
		{C5A9AA28-7DAB-443B-9922-43780E71EC5A}.Release|Mixed Platforms.Build.0 = Release|Any CPU
		{C5A9AA28-7DAB-443B-9922-43780E71EC5A}.Release|x86.ActiveCfg = Release|Any CPU
		{F6E5D20A-0218-4467-A330-6C1DE8CAFB65}.Debug|Any CPU.ActiveCfg = Debug|Any CPU
		{F6E5D20A-0218-4467-A330-6C1DE8CAFB65}.Debug|Any CPU.Build.0 = Debug|Any CPU
		{F6E5D20A-0218-4467-A330-6C1DE8CAFB65}.Debug|Mixed Platforms.ActiveCfg = Debug|Any CPU
		{F6E5D20A-0218-4467-A330-6C1DE8CAFB65}.Debug|Mixed Platforms.Build.0 = Debug|Any CPU
		{F6E5D20A-0218-4467-A330-6C1DE8CAFB65}.Debug|x86.ActiveCfg = Debug|Any CPU
		{F6E5D20A-0218-4467-A330-6C1DE8CAFB65}.Release|Any CPU.ActiveCfg = Release|Any CPU
		{F6E5D20A-0218-4467-A330-6C1DE8CAFB65}.Release|Any CPU.Build.0 = Release|Any CPU
		{F6E5D20A-0218-4467-A330-6C1DE8CAFB65}.Release|Mixed Platforms.ActiveCfg = Release|Any CPU
		{F6E5D20A-0218-4467-A330-6C1DE8CAFB65}.Release|Mixed Platforms.Build.0 = Release|Any CPU
		{F6E5D20A-0218-4467-A330-6C1DE8CAFB65}.Release|x86.ActiveCfg = Release|Any CPU
	EndGlobalSection
	GlobalSection(SolutionProperties) = preSolution
		HideSolutionNode = FALSE
	EndGlobalSection
	GlobalSection(NestedProjects) = preSolution
		{E046569F-9DB7-4FC6-865C-D929DC2DC0E4} = {DB920BE1-0E37-4CA2-87B0-B27E138DD6F7}
		{4D2FC541-95BB-4A40-A308-AF80ADED52F1} = {DB920BE1-0E37-4CA2-87B0-B27E138DD6F7}
		{253892CE-3AF1-4DF6-BDF5-49FC9DF49C9E} = {DB920BE1-0E37-4CA2-87B0-B27E138DD6F7}
		{4483141A-9AD1-4B24-8681-36DCCA9CC92B} = {DB920BE1-0E37-4CA2-87B0-B27E138DD6F7}
		{F72477AE-B114-4155-942B-1BF157D2B694} = {DB920BE1-0E37-4CA2-87B0-B27E138DD6F7}
		{56B30D91-78AA-4AA0-A53E-BFC7860958CA} = {DB920BE1-0E37-4CA2-87B0-B27E138DD6F7}
		{1BB4D46E-EEFE-4EFB-A0C7-BA02BA912A44} = {DB920BE1-0E37-4CA2-87B0-B27E138DD6F7}
		{52A1CE1D-5EA7-4B92-AA8A-99AFBE9D02C4} = {DB920BE1-0E37-4CA2-87B0-B27E138DD6F7}
		{8B45227D-F27C-425E-BA5B-F25ECC6872EE} = {D96B8613-ECC0-42A7-908D-1D17CC32A781}
		{B8C64461-3905-4434-89AC-94BDB6DA13CD} = {D96B8613-ECC0-42A7-908D-1D17CC32A781}
		{F384B48E-98CE-43DE-97F3-D2214F58263C} = {D96B8613-ECC0-42A7-908D-1D17CC32A781}
		{CFA3B00A-66DE-4516-A6F8-74E07B712578} = {D96B8613-ECC0-42A7-908D-1D17CC32A781}
		{BB800F39-1CC2-4811-AE16-E7094169CD44} = {B852905B-3397-47E9-9C2E-6D1606AD1174}
		{A768BE94-25A0-4C7B-9565-18FD22FCD8F8} = {B852905B-3397-47E9-9C2E-6D1606AD1174}
		{AAB43384-C785-411E-B28F-0D0BFD38AD23} = {B852905B-3397-47E9-9C2E-6D1606AD1174}
		{EABDFD00-16CD-4FC0-BCBA-0AE7E81FB8BA} = {B852905B-3397-47E9-9C2E-6D1606AD1174}
		{C5A9AA28-7DAB-443B-9922-43780E71EC5A} = {D527C86D-836A-49FD-8130-07CA7042122B}
	EndGlobalSection
EndGlobal
