
Microsoft Visual Studio Solution File, Format Version 11.00
# Visual Studio 2010
Project("{2150E333-8FDC-42A3-9474-1A3956D46DE8}") = "Chapter 01", "Chapter 01", "{DB920BE1-0E37-4CA2-87B0-B27E138DD6F7}"
EndProject
Project("{FAE04EC0-301F-11D3-BF4B-00C04F79EFBC}") = "HelloWorldRepClient", "HelloWorldRepClient\HelloWorldRepClient.csproj", "{E046569F-9DB7-4FC6-865C-D929DC2DC0E4}"
EndProject
Project("{FAE04EC0-301F-11D3-BF4B-00C04F79EFBC}") = "HelloWorldRepServer", "HelloWorldRepServer\HelloWorldRepServer.csproj", "{4D2FC541-95BB-4A40-A308-AF80ADED52F1}"
EndProject
Project("{FAE04EC0-301F-11D3-BF4B-00C04F79EFBC}") = "ZeroQueueVersionCheck", "ZeroQueueVersionCheck\ZeroQueueVersionCheck.csproj", "{253892CE-3AF1-4DF6-BDF5-49FC9DF49C9E}"
EndProject
Project("{FAE04EC0-301F-11D3-BF4B-00C04F79EFBC}") = "WeatherUpdateServer", "WeatherUpdateServer\WeatherUpdateServer.csproj", "{4483141A-9AD1-4B24-8681-36DCCA9CC92B}"
EndProject
Project("{FAE04EC0-301F-11D3-BF4B-00C04F79EFBC}") = "WeatherUpdateClient", "WeatherUpdateClient\WeatherUpdateClient.csproj", "{F72477AE-B114-4155-942B-1BF157D2B694}"
EndProject
Project("{FAE04EC0-301F-11D3-BF4B-00C04F79EFBC}") = "ParallelTaskVentilator", "ParallelTaskVentilator\ParallelTaskVentilator.csproj", "{56B30D91-78AA-4AA0-A53E-BFC7860958CA}"
EndProject
Project("{FAE04EC0-301F-11D3-BF4B-00C04F79EFBC}") = "ParallelTaskWorker", "ParallelTaskWorker\ParallelTaskWorker.csproj", "{1BB4D46E-EEFE-4EFB-A0C7-BA02BA912A44}"
EndProject
Project("{FAE04EC0-301F-11D3-BF4B-00C04F79EFBC}") = "ParallelTaskSink", "ParallelTaskSink\ParallelTaskSink.csproj", "{52A1CE1D-5EA7-4B92-AA8A-99AFBE9D02C4}"
EndProject
Global
	GlobalSection(SolutionConfigurationPlatforms) = preSolution
		Debug|x86 = Debug|x86
		Release|x86 = Release|x86
	EndGlobalSection
	GlobalSection(ProjectConfigurationPlatforms) = postSolution
		{E046569F-9DB7-4FC6-865C-D929DC2DC0E4}.Debug|x86.ActiveCfg = Debug|x86
		{E046569F-9DB7-4FC6-865C-D929DC2DC0E4}.Debug|x86.Build.0 = Debug|x86
		{E046569F-9DB7-4FC6-865C-D929DC2DC0E4}.Release|x86.ActiveCfg = Release|x86
		{E046569F-9DB7-4FC6-865C-D929DC2DC0E4}.Release|x86.Build.0 = Release|x86
		{4D2FC541-95BB-4A40-A308-AF80ADED52F1}.Debug|x86.ActiveCfg = Debug|x86
		{4D2FC541-95BB-4A40-A308-AF80ADED52F1}.Debug|x86.Build.0 = Debug|x86
		{4D2FC541-95BB-4A40-A308-AF80ADED52F1}.Release|x86.ActiveCfg = Release|x86
		{4D2FC541-95BB-4A40-A308-AF80ADED52F1}.Release|x86.Build.0 = Release|x86
		{253892CE-3AF1-4DF6-BDF5-49FC9DF49C9E}.Debug|x86.ActiveCfg = Debug|x86
		{253892CE-3AF1-4DF6-BDF5-49FC9DF49C9E}.Debug|x86.Build.0 = Debug|x86
		{253892CE-3AF1-4DF6-BDF5-49FC9DF49C9E}.Release|x86.ActiveCfg = Release|x86
		{253892CE-3AF1-4DF6-BDF5-49FC9DF49C9E}.Release|x86.Build.0 = Release|x86
		{4483141A-9AD1-4B24-8681-36DCCA9CC92B}.Debug|x86.ActiveCfg = Debug|x86
		{4483141A-9AD1-4B24-8681-36DCCA9CC92B}.Debug|x86.Build.0 = Debug|x86
		{4483141A-9AD1-4B24-8681-36DCCA9CC92B}.Release|x86.ActiveCfg = Release|x86
		{4483141A-9AD1-4B24-8681-36DCCA9CC92B}.Release|x86.Build.0 = Release|x86
		{F72477AE-B114-4155-942B-1BF157D2B694}.Debug|x86.ActiveCfg = Debug|x86
		{F72477AE-B114-4155-942B-1BF157D2B694}.Debug|x86.Build.0 = Debug|x86
		{F72477AE-B114-4155-942B-1BF157D2B694}.Release|x86.ActiveCfg = Release|x86
		{F72477AE-B114-4155-942B-1BF157D2B694}.Release|x86.Build.0 = Release|x86
		{56B30D91-78AA-4AA0-A53E-BFC7860958CA}.Debug|x86.ActiveCfg = Debug|x86
		{56B30D91-78AA-4AA0-A53E-BFC7860958CA}.Debug|x86.Build.0 = Debug|x86
		{56B30D91-78AA-4AA0-A53E-BFC7860958CA}.Release|x86.ActiveCfg = Release|x86
		{56B30D91-78AA-4AA0-A53E-BFC7860958CA}.Release|x86.Build.0 = Release|x86
		{1BB4D46E-EEFE-4EFB-A0C7-BA02BA912A44}.Debug|x86.ActiveCfg = Debug|x86
		{1BB4D46E-EEFE-4EFB-A0C7-BA02BA912A44}.Debug|x86.Build.0 = Debug|x86
		{1BB4D46E-EEFE-4EFB-A0C7-BA02BA912A44}.Release|x86.ActiveCfg = Release|x86
		{1BB4D46E-EEFE-4EFB-A0C7-BA02BA912A44}.Release|x86.Build.0 = Release|x86
		{52A1CE1D-5EA7-4B92-AA8A-99AFBE9D02C4}.Debug|x86.ActiveCfg = Debug|x86
		{52A1CE1D-5EA7-4B92-AA8A-99AFBE9D02C4}.Debug|x86.Build.0 = Debug|x86
		{52A1CE1D-5EA7-4B92-AA8A-99AFBE9D02C4}.Release|x86.ActiveCfg = Release|x86
		{52A1CE1D-5EA7-4B92-AA8A-99AFBE9D02C4}.Release|x86.Build.0 = Release|x86
	EndGlobalSection
	GlobalSection(SolutionProperties) = preSolution
		HideSolutionNode = FALSE
	EndGlobalSection
	GlobalSection(NestedProjects) = preSolution
		{E046569F-9DB7-4FC6-865C-D929DC2DC0E4} = {DB920BE1-0E37-4CA2-87B0-B27E138DD6F7}
		{4D2FC541-95BB-4A40-A308-AF80ADED52F1} = {DB920BE1-0E37-4CA2-87B0-B27E138DD6F7}
		{253892CE-3AF1-4DF6-BDF5-49FC9DF49C9E} = {DB920BE1-0E37-4CA2-87B0-B27E138DD6F7}
		{4483141A-9AD1-4B24-8681-36DCCA9CC92B} = {DB920BE1-0E37-4CA2-87B0-B27E138DD6F7}
		{F72477AE-B114-4155-942B-1BF157D2B694} = {DB920BE1-0E37-4CA2-87B0-B27E138DD6F7}
		{56B30D91-78AA-4AA0-A53E-BFC7860958CA} = {DB920BE1-0E37-4CA2-87B0-B27E138DD6F7}
		{1BB4D46E-EEFE-4EFB-A0C7-BA02BA912A44} = {DB920BE1-0E37-4CA2-87B0-B27E138DD6F7}
		{52A1CE1D-5EA7-4B92-AA8A-99AFBE9D02C4} = {DB920BE1-0E37-4CA2-87B0-B27E138DD6F7}
	EndGlobalSection
EndGlobal
